
Microsoft Visual Studio Solution File, Format Version 12.00
# Visual Studio Version 16
VisualStudioVersion = 16.0.30804.86
MinimumVisualStudioVersion = 10.0.40219.1
Project("{9A19103F-16F7-4668-BE54-9A1E7A4F7556}") = "Authoritative", "Authoritative\Authoritative.csproj", "{4B070C54-6B69-4E60-AEFC-59DC5D75DC7C}"
EndProject
Project("{9A19103F-16F7-4668-BE54-9A1E7A4F7556}") = "Samples", "Samples\Samples.csproj", "{D67F0A82-B9A4-4A96-84C4-1B5B8947DAA2}"
EndProject
Project("{9A19103F-16F7-4668-BE54-9A1E7A4F7556}") = "Tests", "Tests\Tests.csproj", "{4EE49F91-8F8D-4397-AC9C-9C36D24AAF6B}"
EndProject
Global
	GlobalSection(SolutionConfigurationPlatforms) = preSolution
		Debug|Any CPU = Debug|Any CPU
		Debug|x64 = Debug|x64
		Release|Any CPU = Release|Any CPU
		Release|x64 = Release|x64
	EndGlobalSection
	GlobalSection(ProjectConfigurationPlatforms) = postSolution
		{4B070C54-6B69-4E60-AEFC-59DC5D75DC7C}.Debug|Any CPU.ActiveCfg = Debug|Any CPU
		{4B070C54-6B69-4E60-AEFC-59DC5D75DC7C}.Debug|Any CPU.Build.0 = Debug|Any CPU
		{4B070C54-6B69-4E60-AEFC-59DC5D75DC7C}.Debug|x64.ActiveCfg = Debug|x64
		{4B070C54-6B69-4E60-AEFC-59DC5D75DC7C}.Debug|x64.Build.0 = Debug|x64
		{4B070C54-6B69-4E60-AEFC-59DC5D75DC7C}.Release|Any CPU.ActiveCfg = Release|Any CPU
		{4B070C54-6B69-4E60-AEFC-59DC5D75DC7C}.Release|Any CPU.Build.0 = Release|Any CPU
		{4B070C54-6B69-4E60-AEFC-59DC5D75DC7C}.Release|x64.ActiveCfg = Release|x64
		{4B070C54-6B69-4E60-AEFC-59DC5D75DC7C}.Release|x64.Build.0 = Release|x64
		{D67F0A82-B9A4-4A96-84C4-1B5B8947DAA2}.Debug|Any CPU.ActiveCfg = Debug|Any CPU
		{D67F0A82-B9A4-4A96-84C4-1B5B8947DAA2}.Debug|Any CPU.Build.0 = Debug|Any CPU
		{D67F0A82-B9A4-4A96-84C4-1B5B8947DAA2}.Debug|x64.ActiveCfg = Debug|x64
		{D67F0A82-B9A4-4A96-84C4-1B5B8947DAA2}.Debug|x64.Build.0 = Debug|x64
		{D67F0A82-B9A4-4A96-84C4-1B5B8947DAA2}.Release|Any CPU.ActiveCfg = Release|Any CPU
		{D67F0A82-B9A4-4A96-84C4-1B5B8947DAA2}.Release|Any CPU.Build.0 = Release|Any CPU
		{D67F0A82-B9A4-4A96-84C4-1B5B8947DAA2}.Release|x64.ActiveCfg = Release|x64
		{D67F0A82-B9A4-4A96-84C4-1B5B8947DAA2}.Release|x64.Build.0 = Release|x64
		{4EE49F91-8F8D-4397-AC9C-9C36D24AAF6B}.Debug|Any CPU.ActiveCfg = Debug|Any CPU
		{4EE49F91-8F8D-4397-AC9C-9C36D24AAF6B}.Debug|Any CPU.Build.0 = Debug|Any CPU
		{4EE49F91-8F8D-4397-AC9C-9C36D24AAF6B}.Debug|x64.ActiveCfg = Debug|x64
		{4EE49F91-8F8D-4397-AC9C-9C36D24AAF6B}.Debug|x64.Build.0 = Debug|x64
		{4EE49F91-8F8D-4397-AC9C-9C36D24AAF6B}.Release|Any CPU.ActiveCfg = Release|Any CPU
		{4EE49F91-8F8D-4397-AC9C-9C36D24AAF6B}.Release|Any CPU.Build.0 = Release|Any CPU
		{4EE49F91-8F8D-4397-AC9C-9C36D24AAF6B}.Release|x64.ActiveCfg = Release|x64
		{4EE49F91-8F8D-4397-AC9C-9C36D24AAF6B}.Release|x64.Build.0 = Release|x64
	EndGlobalSection
	GlobalSection(SolutionProperties) = preSolution
		HideSolutionNode = FALSE
	EndGlobalSection
	GlobalSection(ExtensibilityGlobals) = postSolution
		SolutionGuid = {F86E3939-0F01-42F0-9650-D28E5A5FD820}
	EndGlobalSection
EndGlobal
